
Microsoft Visual Studio Solution File, Format Version 12.00
# Visual Studio Version 17
VisualStudioVersion = 17.4.33213.308
MinimumVisualStudioVersion = 10.0.40219.1
Project("{2150E333-8FDC-42A3-9474-1A3956D46DE8}") = "Data", "Data", "{FFDD46CF-29B6-429A-BF88-8F2A5CDBCF83}"
EndProject
Project("{2150E333-8FDC-42A3-9474-1A3956D46DE8}") = "Services", "Services", "{B812E303-18AF-47D4-9605-FC447F6E82F5}"
EndProject
Project("{2150E333-8FDC-42A3-9474-1A3956D46DE8}") = "Shared", "Shared", "{BCB11393-F16A-4149-A864-833C0BD342E0}"
EndProject
Project("{2150E333-8FDC-42A3-9474-1A3956D46DE8}") = "Systems", "Systems", "{24A703D0-5BA0-4CE6-A76B-A39C54F7B554}"
EndProject
Project("{2150E333-8FDC-42A3-9474-1A3956D46DE8}") = "Api", "Api", "{F7538553-0B5A-48F3-A808-C99F9E9A2AB7}"
EndProject
Project("{2150E333-8FDC-42A3-9474-1A3956D46DE8}") = "Identity", "Identity", "{D7E2F68C-7499-4386-AA11-E8F372A4BC7B}"
EndProject
Project("{9A19103F-16F7-4668-BE54-9A1E7A4F7556}") = "FindPets.Api", "Systems\Api\FindPets.Api\FindPets.Api.csproj", "{B1569539-CF38-4F99-B412-AA232CB9513C}"
EndProject
Project("{9A19103F-16F7-4668-BE54-9A1E7A4F7556}") = "FindPets.Api.Settings", "Systems\Api\FindPets.Api.Settings\FindPets.Api.Settings.csproj", "{07A4F13B-5847-4120-931B-02C6BDB51769}"
EndProject
Project("{9A19103F-16F7-4668-BE54-9A1E7A4F7556}") = "FindPets.Common", "Shared\FindPets.Common\FindPets.Common.csproj", "{A43FFF38-F0F1-4C1C-B2B7-90B6A86F5DA4}"
EndProject
Project("{9A19103F-16F7-4668-BE54-9A1E7A4F7556}") = "FindPets.Settings", "Shared\FindPets.Settings\FindPets.Settings.csproj", "{00181E34-FF30-4250-A2BF-634A3399F38C}"
EndProject
Project("{9A19103F-16F7-4668-BE54-9A1E7A4F7556}") = "FindPets.Services.Settings", "Services\FindPets.Services.Settings\FindPets.Services.Settings.csproj", "{C38C7085-AC62-4347-BFE9-E293A4A3BDF1}"
EndProject
Project("{E53339B2-1760-4266-BCC7-CA923CBCF16C}") = "docker-compose", "docker-compose.dcproj", "{0C255EC8-D542-48C1-9684-0BB8EA2BCA5D}"
EndProject
Project("{9A19103F-16F7-4668-BE54-9A1E7A4F7556}") = "FindPets.Context", "Data\FindPets.Context\FindPets.Context.csproj", "{FDF2FDAF-EE6D-4F79-B0F1-6E6E233E2B5D}"
EndProject
Project("{9A19103F-16F7-4668-BE54-9A1E7A4F7556}") = "FindPets.Context.Entities", "Data\FindPets.Context.Entities\FindPets.Context.Entities.csproj", "{D68786A2-2CCF-4C05-B698-CED13DFA1FFA}"
EndProject
Project("{2150E333-8FDC-42A3-9474-1A3956D46DE8}") = "Migrations", "Migrations", "{34299513-4763-43BD-9FF7-A313D63A15E7}"
EndProject
Project("{9A19103F-16F7-4668-BE54-9A1E7A4F7556}") = "FindPets.Context.MigrationsMSSQL", "Data\Migrations\FindPets.Context.MigrationsMSSQL\FindPets.Context.MigrationsMSSQL.csproj", "{C28E4CCB-E490-485F-BB03-0C58A6F23E93}"
EndProject
Project("{9A19103F-16F7-4668-BE54-9A1E7A4F7556}") = "FindPets.Context.MigrationsPostgreSQL", "Data\Migrations\FindPets.Context.MigrationsPostgreSQL\FindPets.Context.MigrationsPostgreSQL.csproj", "{A7F6EA40-5B2C-4E67-BAB3-4A372693328E}"
EndProject
Project("{9A19103F-16F7-4668-BE54-9A1E7A4F7556}") = "FindPets.Services.Animals", "Services\FindPets.Services.Animals\FindPets.Services.Animals.csproj", "{2259A54B-C10F-48A3-A902-B0955C39C77E}"
EndProject
Project("{9A19103F-16F7-4668-BE54-9A1E7A4F7556}") = "FindPets.Services.Comments", "Services\FindPets.Services.Comments\FindPets.Services.Comments.csproj", "{E60B4FA5-1B3D-4112-A3D8-3642E71CD234}"
EndProject
Project("{9A19103F-16F7-4668-BE54-9A1E7A4F7556}") = "FindPets.Services.Requests", "Services\FindPets.Services.Requests\FindPets.Services.Requests.csproj", "{400147DB-CA8B-4B7C-B9F9-EA63262A48A6}"
EndProject
Project("{9A19103F-16F7-4668-BE54-9A1E7A4F7556}") = "FindPets.Services.EmailSender", "Services\FindPets.Services.EmailSender\FindPets.Services.EmailSender.csproj", "{7ABC59AC-A492-428F-BA33-36D53177081B}"
EndProject
Project("{2150E333-8FDC-42A3-9474-1A3956D46DE8}") = "Tests", "Tests", "{FC612A58-B7FA-48CC-97A8-C5B2469E299D}"
EndProject
Project("{9A19103F-16F7-4668-BE54-9A1E7A4F7556}") = "FindPets.Tests", "Tests\FindPets.Tests\FindPets.Tests.csproj", "{257563B4-5E3D-4BE3-A382-F7761B07ACD9}"
EndProject
Project("{FAE04EC0-301F-11D3-BF4B-00C04F79EFBC}") = "FindPets.Identity", "Systems\Identity\FindPets.Identity\FindPets.Identity.csproj", "{8C1CD242-02D7-4701-B28D-1B7EB4B1F0E2}"
EndProject
Global
	GlobalSection(SolutionConfigurationPlatforms) = preSolution
		Debug|Any CPU = Debug|Any CPU
		Release|Any CPU = Release|Any CPU
	EndGlobalSection
	GlobalSection(ProjectConfigurationPlatforms) = postSolution
		{B1569539-CF38-4F99-B412-AA232CB9513C}.Debug|Any CPU.ActiveCfg = Debug|Any CPU
		{B1569539-CF38-4F99-B412-AA232CB9513C}.Debug|Any CPU.Build.0 = Debug|Any CPU
		{B1569539-CF38-4F99-B412-AA232CB9513C}.Release|Any CPU.ActiveCfg = Release|Any CPU
		{B1569539-CF38-4F99-B412-AA232CB9513C}.Release|Any CPU.Build.0 = Release|Any CPU
		{07A4F13B-5847-4120-931B-02C6BDB51769}.Debug|Any CPU.ActiveCfg = Debug|Any CPU
		{07A4F13B-5847-4120-931B-02C6BDB51769}.Debug|Any CPU.Build.0 = Debug|Any CPU
		{07A4F13B-5847-4120-931B-02C6BDB51769}.Release|Any CPU.ActiveCfg = Release|Any CPU
		{07A4F13B-5847-4120-931B-02C6BDB51769}.Release|Any CPU.Build.0 = Release|Any CPU
		{A43FFF38-F0F1-4C1C-B2B7-90B6A86F5DA4}.Debug|Any CPU.ActiveCfg = Debug|Any CPU
		{A43FFF38-F0F1-4C1C-B2B7-90B6A86F5DA4}.Debug|Any CPU.Build.0 = Debug|Any CPU
		{A43FFF38-F0F1-4C1C-B2B7-90B6A86F5DA4}.Release|Any CPU.ActiveCfg = Release|Any CPU
		{A43FFF38-F0F1-4C1C-B2B7-90B6A86F5DA4}.Release|Any CPU.Build.0 = Release|Any CPU
		{00181E34-FF30-4250-A2BF-634A3399F38C}.Debug|Any CPU.ActiveCfg = Debug|Any CPU
		{00181E34-FF30-4250-A2BF-634A3399F38C}.Debug|Any CPU.Build.0 = Debug|Any CPU
		{00181E34-FF30-4250-A2BF-634A3399F38C}.Release|Any CPU.ActiveCfg = Release|Any CPU
		{00181E34-FF30-4250-A2BF-634A3399F38C}.Release|Any CPU.Build.0 = Release|Any CPU
		{C38C7085-AC62-4347-BFE9-E293A4A3BDF1}.Debug|Any CPU.ActiveCfg = Debug|Any CPU
		{C38C7085-AC62-4347-BFE9-E293A4A3BDF1}.Debug|Any CPU.Build.0 = Debug|Any CPU
		{C38C7085-AC62-4347-BFE9-E293A4A3BDF1}.Release|Any CPU.ActiveCfg = Release|Any CPU
		{C38C7085-AC62-4347-BFE9-E293A4A3BDF1}.Release|Any CPU.Build.0 = Release|Any CPU
		{0C255EC8-D542-48C1-9684-0BB8EA2BCA5D}.Debug|Any CPU.ActiveCfg = Debug|Any CPU
		{0C255EC8-D542-48C1-9684-0BB8EA2BCA5D}.Debug|Any CPU.Build.0 = Debug|Any CPU
		{0C255EC8-D542-48C1-9684-0BB8EA2BCA5D}.Release|Any CPU.ActiveCfg = Release|Any CPU
		{0C255EC8-D542-48C1-9684-0BB8EA2BCA5D}.Release|Any CPU.Build.0 = Release|Any CPU
		{FDF2FDAF-EE6D-4F79-B0F1-6E6E233E2B5D}.Debug|Any CPU.ActiveCfg = Debug|Any CPU
		{FDF2FDAF-EE6D-4F79-B0F1-6E6E233E2B5D}.Debug|Any CPU.Build.0 = Debug|Any CPU
		{FDF2FDAF-EE6D-4F79-B0F1-6E6E233E2B5D}.Release|Any CPU.ActiveCfg = Release|Any CPU
		{FDF2FDAF-EE6D-4F79-B0F1-6E6E233E2B5D}.Release|Any CPU.Build.0 = Release|Any CPU
		{D68786A2-2CCF-4C05-B698-CED13DFA1FFA}.Debug|Any CPU.ActiveCfg = Debug|Any CPU
		{D68786A2-2CCF-4C05-B698-CED13DFA1FFA}.Debug|Any CPU.Build.0 = Debug|Any CPU
		{D68786A2-2CCF-4C05-B698-CED13DFA1FFA}.Release|Any CPU.ActiveCfg = Release|Any CPU
		{D68786A2-2CCF-4C05-B698-CED13DFA1FFA}.Release|Any CPU.Build.0 = Release|Any CPU
		{C28E4CCB-E490-485F-BB03-0C58A6F23E93}.Debug|Any CPU.ActiveCfg = Debug|Any CPU
		{C28E4CCB-E490-485F-BB03-0C58A6F23E93}.Debug|Any CPU.Build.0 = Debug|Any CPU
		{C28E4CCB-E490-485F-BB03-0C58A6F23E93}.Release|Any CPU.ActiveCfg = Release|Any CPU
		{C28E4CCB-E490-485F-BB03-0C58A6F23E93}.Release|Any CPU.Build.0 = Release|Any CPU
		{A7F6EA40-5B2C-4E67-BAB3-4A372693328E}.Debug|Any CPU.ActiveCfg = Debug|Any CPU
		{A7F6EA40-5B2C-4E67-BAB3-4A372693328E}.Debug|Any CPU.Build.0 = Debug|Any CPU
		{A7F6EA40-5B2C-4E67-BAB3-4A372693328E}.Release|Any CPU.ActiveCfg = Release|Any CPU
		{A7F6EA40-5B2C-4E67-BAB3-4A372693328E}.Release|Any CPU.Build.0 = Release|Any CPU
		{2259A54B-C10F-48A3-A902-B0955C39C77E}.Debug|Any CPU.ActiveCfg = Debug|Any CPU
		{2259A54B-C10F-48A3-A902-B0955C39C77E}.Debug|Any CPU.Build.0 = Debug|Any CPU
		{2259A54B-C10F-48A3-A902-B0955C39C77E}.Release|Any CPU.ActiveCfg = Release|Any CPU
		{2259A54B-C10F-48A3-A902-B0955C39C77E}.Release|Any CPU.Build.0 = Release|Any CPU
		{E60B4FA5-1B3D-4112-A3D8-3642E71CD234}.Debug|Any CPU.ActiveCfg = Debug|Any CPU
		{E60B4FA5-1B3D-4112-A3D8-3642E71CD234}.Debug|Any CPU.Build.0 = Debug|Any CPU
		{E60B4FA5-1B3D-4112-A3D8-3642E71CD234}.Release|Any CPU.ActiveCfg = Release|Any CPU
		{E60B4FA5-1B3D-4112-A3D8-3642E71CD234}.Release|Any CPU.Build.0 = Release|Any CPU
		{400147DB-CA8B-4B7C-B9F9-EA63262A48A6}.Debug|Any CPU.ActiveCfg = Debug|Any CPU
		{400147DB-CA8B-4B7C-B9F9-EA63262A48A6}.Debug|Any CPU.Build.0 = Debug|Any CPU
		{400147DB-CA8B-4B7C-B9F9-EA63262A48A6}.Release|Any CPU.ActiveCfg = Release|Any CPU
		{400147DB-CA8B-4B7C-B9F9-EA63262A48A6}.Release|Any CPU.Build.0 = Release|Any CPU
		{7ABC59AC-A492-428F-BA33-36D53177081B}.Debug|Any CPU.ActiveCfg = Debug|Any CPU
		{7ABC59AC-A492-428F-BA33-36D53177081B}.Debug|Any CPU.Build.0 = Debug|Any CPU
		{7ABC59AC-A492-428F-BA33-36D53177081B}.Release|Any CPU.ActiveCfg = Release|Any CPU
		{7ABC59AC-A492-428F-BA33-36D53177081B}.Release|Any CPU.Build.0 = Release|Any CPU
		{257563B4-5E3D-4BE3-A382-F7761B07ACD9}.Debug|Any CPU.ActiveCfg = Debug|Any CPU
		{257563B4-5E3D-4BE3-A382-F7761B07ACD9}.Debug|Any CPU.Build.0 = Debug|Any CPU
		{257563B4-5E3D-4BE3-A382-F7761B07ACD9}.Release|Any CPU.ActiveCfg = Release|Any CPU
		{257563B4-5E3D-4BE3-A382-F7761B07ACD9}.Release|Any CPU.Build.0 = Release|Any CPU
		{8C1CD242-02D7-4701-B28D-1B7EB4B1F0E2}.Debug|Any CPU.ActiveCfg = Debug|Any CPU
		{8C1CD242-02D7-4701-B28D-1B7EB4B1F0E2}.Debug|Any CPU.Build.0 = Debug|Any CPU
		{8C1CD242-02D7-4701-B28D-1B7EB4B1F0E2}.Release|Any CPU.ActiveCfg = Release|Any CPU
		{8C1CD242-02D7-4701-B28D-1B7EB4B1F0E2}.Release|Any CPU.Build.0 = Release|Any CPU
	EndGlobalSection
	GlobalSection(SolutionProperties) = preSolution
		HideSolutionNode = FALSE
	EndGlobalSection
	GlobalSection(NestedProjects) = preSolution
		{F7538553-0B5A-48F3-A808-C99F9E9A2AB7} = {24A703D0-5BA0-4CE6-A76B-A39C54F7B554}
		{D7E2F68C-7499-4386-AA11-E8F372A4BC7B} = {24A703D0-5BA0-4CE6-A76B-A39C54F7B554}
		{B1569539-CF38-4F99-B412-AA232CB9513C} = {F7538553-0B5A-48F3-A808-C99F9E9A2AB7}
		{07A4F13B-5847-4120-931B-02C6BDB51769} = {F7538553-0B5A-48F3-A808-C99F9E9A2AB7}
		{A43FFF38-F0F1-4C1C-B2B7-90B6A86F5DA4} = {BCB11393-F16A-4149-A864-833C0BD342E0}
		{00181E34-FF30-4250-A2BF-634A3399F38C} = {BCB11393-F16A-4149-A864-833C0BD342E0}
		{C38C7085-AC62-4347-BFE9-E293A4A3BDF1} = {B812E303-18AF-47D4-9605-FC447F6E82F5}
		{FDF2FDAF-EE6D-4F79-B0F1-6E6E233E2B5D} = {FFDD46CF-29B6-429A-BF88-8F2A5CDBCF83}
		{D68786A2-2CCF-4C05-B698-CED13DFA1FFA} = {FFDD46CF-29B6-429A-BF88-8F2A5CDBCF83}
		{34299513-4763-43BD-9FF7-A313D63A15E7} = {FFDD46CF-29B6-429A-BF88-8F2A5CDBCF83}
		{C28E4CCB-E490-485F-BB03-0C58A6F23E93} = {34299513-4763-43BD-9FF7-A313D63A15E7}
		{A7F6EA40-5B2C-4E67-BAB3-4A372693328E} = {34299513-4763-43BD-9FF7-A313D63A15E7}
		{2259A54B-C10F-48A3-A902-B0955C39C77E} = {B812E303-18AF-47D4-9605-FC447F6E82F5}
		{E60B4FA5-1B3D-4112-A3D8-3642E71CD234} = {B812E303-18AF-47D4-9605-FC447F6E82F5}
		{400147DB-CA8B-4B7C-B9F9-EA63262A48A6} = {B812E303-18AF-47D4-9605-FC447F6E82F5}
		{7ABC59AC-A492-428F-BA33-36D53177081B} = {B812E303-18AF-47D4-9605-FC447F6E82F5}
		{257563B4-5E3D-4BE3-A382-F7761B07ACD9} = {FC612A58-B7FA-48CC-97A8-C5B2469E299D}
		{8C1CD242-02D7-4701-B28D-1B7EB4B1F0E2} = {D7E2F68C-7499-4386-AA11-E8F372A4BC7B}
	EndGlobalSection
	GlobalSection(ExtensibilityGlobals) = postSolution
		SolutionGuid = {3FC4CD73-98EE-4351-B5FB-197652800F60}
	EndGlobalSection
EndGlobal
